// !$*UTF8*$!
{
	archiveVersion = 1;
	classes = {
	};
	objectVersion = 56;
	objects = {

/* Begin PBXBuildFile section */
		278126E36DC8981198B498F4 /* Pods_MyTwiLite.framework in Frameworks */ = {isa = PBXBuildFile; fileRef = 894400EE329E884A15898FBA /* Pods_MyTwiLite.framework */; };
		3306C786297EB2F900F09661 /* DashboardViewModel.swift in Sources */ = {isa = PBXBuildFile; fileRef = 3306C785297EB2F900F09661 /* DashboardViewModel.swift */; };
		3306C78A297EB7FB00F09661 /* DashboardModel.swift in Sources */ = {isa = PBXBuildFile; fileRef = 3306C789297EB7FB00F09661 /* DashboardModel.swift */; };
		331755C6297C122D008BE9B7 /* LogInViewController.swift in Sources */ = {isa = PBXBuildFile; fileRef = 331755C5297C122D008BE9B7 /* LogInViewController.swift */; };
		331755C8297C127A008BE9B7 /* LogInRouter.swift in Sources */ = {isa = PBXBuildFile; fileRef = 331755C7297C127A008BE9B7 /* LogInRouter.swift */; };
		331755CB297C135A008BE9B7 /* LaunchRouter.swift in Sources */ = {isa = PBXBuildFile; fileRef = 331755CA297C135A008BE9B7 /* LaunchRouter.swift */; };
		331755CD297C1405008BE9B7 /* LogIn.storyboard in Resources */ = {isa = PBXBuildFile; fileRef = 331755CC297C1405008BE9B7 /* LogIn.storyboard */; };
		331755D0297C15D7008BE9B7 /* MyTwiLiteViewController.swift in Sources */ = {isa = PBXBuildFile; fileRef = 331755CF297C15D7008BE9B7 /* MyTwiLiteViewController.swift */; };
		331755D8297C1D7E008BE9B7 /* Dashboard.storyboard in Resources */ = {isa = PBXBuildFile; fileRef = 331755D7297C1D7E008BE9B7 /* Dashboard.storyboard */; };
		331755DA297C1DC8008BE9B7 /* AddTimeline.storyboard in Resources */ = {isa = PBXBuildFile; fileRef = 331755D9297C1DC8008BE9B7 /* AddTimeline.storyboard */; };
		331755DC297C21CD008BE9B7 /* GoogleService-Info.plist in Resources */ = {isa = PBXBuildFile; fileRef = 331755DB297C21CC008BE9B7 /* GoogleService-Info.plist */; };
		331755DF297C2229008BE9B7 /* FirebaseHelper.swift in Sources */ = {isa = PBXBuildFile; fileRef = 331755DE297C2229008BE9B7 /* FirebaseHelper.swift */; };
		331755E3297C22C4008BE9B7 /* UserDetail.swift in Sources */ = {isa = PBXBuildFile; fileRef = 331755E2297C22C4008BE9B7 /* UserDetail.swift */; };
		331755EA297C2522008BE9B7 /* DashboardViewController.swift in Sources */ = {isa = PBXBuildFile; fileRef = 331755E9297C2522008BE9B7 /* DashboardViewController.swift */; };
		331755EC297C25A2008BE9B7 /* DashboardViewController+DataSource.swift in Sources */ = {isa = PBXBuildFile; fileRef = 331755EB297C25A2008BE9B7 /* DashboardViewController+DataSource.swift */; };
		331755F0297C2777008BE9B7 /* TimelineTableViewCell.swift in Sources */ = {isa = PBXBuildFile; fileRef = 331755EF297C2777008BE9B7 /* TimelineTableViewCell.swift */; };
		331755F4297C280C008BE9B7 /* AddTimeLineViewController.swift in Sources */ = {isa = PBXBuildFile; fileRef = 331755F3297C280C008BE9B7 /* AddTimeLineViewController.swift */; };
		331755F6297C2866008BE9B7 /* AddTimeLineViewController+DataSource.swift in Sources */ = {isa = PBXBuildFile; fileRef = 331755F5297C2866008BE9B7 /* AddTimeLineViewController+DataSource.swift */; };
		333BDFDE297C664B00F70872 /* Validation.swift in Sources */ = {isa = PBXBuildFile; fileRef = 333BDFDD297C664B00F70872 /* Validation.swift */; };
		333BDFE0297C69F000F70872 /* Utils.swift in Sources */ = {isa = PBXBuildFile; fileRef = 333BDFDF297C69F000F70872 /* Utils.swift */; };
		3358E580297C36E2007ABCA6 /* SignUpRouter.swift in Sources */ = {isa = PBXBuildFile; fileRef = 3358E57F297C36E2007ABCA6 /* SignUpRouter.swift */; };
		3358E582297C3E64007ABCA6 /* UIString+Extension.swift in Sources */ = {isa = PBXBuildFile; fileRef = 3358E581297C3E64007ABCA6 /* UIString+Extension.swift */; };
		3358E584297C464E007ABCA6 /* UIImageView+Extension.swift in Sources */ = {isa = PBXBuildFile; fileRef = 3358E583297C464D007ABCA6 /* UIImageView+Extension.swift */; };
		3358E586297C4754007ABCA6 /* MyTwiLiteStrings.swift in Sources */ = {isa = PBXBuildFile; fileRef = 3358E585297C4754007ABCA6 /* MyTwiLiteStrings.swift */; };
		3358E588297C484E007ABCA6 /* SignUpViewModel.swift in Sources */ = {isa = PBXBuildFile; fileRef = 3358E587297C484E007ABCA6 /* SignUpViewModel.swift */; };
		3358E58A297C498F007ABCA6 /* AppConstant.swift in Sources */ = {isa = PBXBuildFile; fileRef = 3358E589297C498F007ABCA6 /* AppConstant.swift */; };
		3358E58C297C4C6B007ABCA6 /* LogInViewModel.swift in Sources */ = {isa = PBXBuildFile; fileRef = 3358E58B297C4C6B007ABCA6 /* LogInViewModel.swift */; };
		3362520D297DB6780024CE9E /* DashboardRouter.swift in Sources */ = {isa = PBXBuildFile; fileRef = 3362520C297DB6780024CE9E /* DashboardRouter.swift */; };
		33625213297DC5150024CE9E /* AddTimelineViewModel.swift in Sources */ = {isa = PBXBuildFile; fileRef = 33625212297DC5150024CE9E /* AddTimelineViewModel.swift */; };
		33625215297DC5C80024CE9E /* AddTimelineModel.swift in Sources */ = {isa = PBXBuildFile; fileRef = 33625214297DC5C80024CE9E /* AddTimelineModel.swift */; };
		337F6B9B2979557800E6DBCC /* Router.swift in Sources */ = {isa = PBXBuildFile; fileRef = 337F6B9A2979557800E6DBCC /* Router.swift */; };
		337F6BA3297958B200E6DBCC /* UIViewController+Extension.swift in Sources */ = {isa = PBXBuildFile; fileRef = 337F6BA2297958B200E6DBCC /* UIViewController+Extension.swift */; };
		337F6BA62979592600E6DBCC /* AppStoryboard.swift in Sources */ = {isa = PBXBuildFile; fileRef = 337F6BA52979592600E6DBCC /* AppStoryboard.swift */; };
		337F6BAA2979611200E6DBCC /* Launch.storyboard in Resources */ = {isa = PBXBuildFile; fileRef = 337F6BA92979611200E6DBCC /* Launch.storyboard */; };
		337F6BB1297973AF00E6DBCC /* SignUp.storyboard in Resources */ = {isa = PBXBuildFile; fileRef = 337F6BB0297973AF00E6DBCC /* SignUp.storyboard */; };
		337F6BB3297973C400E6DBCC /* SignUpViewController.swift in Sources */ = {isa = PBXBuildFile; fileRef = 337F6BB2297973C400E6DBCC /* SignUpViewController.swift */; };
		338B861C2977EE84005A9DA0 /* AppDelegate.swift in Sources */ = {isa = PBXBuildFile; fileRef = 338B861B2977EE84005A9DA0 /* AppDelegate.swift */; };
		338B861E2977EE84005A9DA0 /* SceneDelegate.swift in Sources */ = {isa = PBXBuildFile; fileRef = 338B861D2977EE84005A9DA0 /* SceneDelegate.swift */; };
		338B86202977EE84005A9DA0 /* LaunchViewController.swift in Sources */ = {isa = PBXBuildFile; fileRef = 338B861F2977EE84005A9DA0 /* LaunchViewController.swift */; };
		338B86232977EE84005A9DA0 /* Main.storyboard in Resources */ = {isa = PBXBuildFile; fileRef = 338B86212977EE84005A9DA0 /* Main.storyboard */; };
		338B86252977EE86005A9DA0 /* Assets.xcassets in Resources */ = {isa = PBXBuildFile; fileRef = 338B86242977EE86005A9DA0 /* Assets.xcassets */; };
		338B86282977EE86005A9DA0 /* LaunchScreen.storyboard in Resources */ = {isa = PBXBuildFile; fileRef = 338B86262977EE86005A9DA0 /* LaunchScreen.storyboard */; };
/* End PBXBuildFile section */

/* Begin PBXFileReference section */
		3306C785297EB2F900F09661 /* DashboardViewModel.swift */ = {isa = PBXFileReference; lastKnownFileType = sourcecode.swift; path = DashboardViewModel.swift; sourceTree = "<group>"; };
		3306C789297EB7FB00F09661 /* DashboardModel.swift */ = {isa = PBXFileReference; lastKnownFileType = sourcecode.swift; path = DashboardModel.swift; sourceTree = "<group>"; };
		331755C5297C122D008BE9B7 /* LogInViewController.swift */ = {isa = PBXFileReference; lastKnownFileType = sourcecode.swift; path = LogInViewController.swift; sourceTree = "<group>"; };
		331755C7297C127A008BE9B7 /* LogInRouter.swift */ = {isa = PBXFileReference; lastKnownFileType = sourcecode.swift; path = LogInRouter.swift; sourceTree = "<group>"; };
		331755CA297C135A008BE9B7 /* LaunchRouter.swift */ = {isa = PBXFileReference; lastKnownFileType = sourcecode.swift; path = LaunchRouter.swift; sourceTree = "<group>"; };
		331755CC297C1405008BE9B7 /* LogIn.storyboard */ = {isa = PBXFileReference; lastKnownFileType = file.storyboard; path = LogIn.storyboard; sourceTree = "<group>"; };
		331755CF297C15D7008BE9B7 /* MyTwiLiteViewController.swift */ = {isa = PBXFileReference; lastKnownFileType = sourcecode.swift; path = MyTwiLiteViewController.swift; sourceTree = "<group>"; };
		331755D7297C1D7E008BE9B7 /* Dashboard.storyboard */ = {isa = PBXFileReference; lastKnownFileType = file.storyboard; path = Dashboard.storyboard; sourceTree = "<group>"; };
		331755D9297C1DC8008BE9B7 /* AddTimeline.storyboard */ = {isa = PBXFileReference; lastKnownFileType = file.storyboard; path = AddTimeline.storyboard; sourceTree = "<group>"; };
		331755DB297C21CC008BE9B7 /* GoogleService-Info.plist */ = {isa = PBXFileReference; fileEncoding = 4; lastKnownFileType = text.plist.xml; path = "GoogleService-Info.plist"; sourceTree = "<group>"; };
		331755DE297C2229008BE9B7 /* FirebaseHelper.swift */ = {isa = PBXFileReference; fileEncoding = 4; lastKnownFileType = sourcecode.swift; path = FirebaseHelper.swift; sourceTree = "<group>"; };
		331755E2297C22C4008BE9B7 /* UserDetail.swift */ = {isa = PBXFileReference; lastKnownFileType = sourcecode.swift; path = UserDetail.swift; sourceTree = "<group>"; };
		331755E9297C2522008BE9B7 /* DashboardViewController.swift */ = {isa = PBXFileReference; lastKnownFileType = sourcecode.swift; path = DashboardViewController.swift; sourceTree = "<group>"; };
		331755EB297C25A2008BE9B7 /* DashboardViewController+DataSource.swift */ = {isa = PBXFileReference; lastKnownFileType = sourcecode.swift; path = "DashboardViewController+DataSource.swift"; sourceTree = "<group>"; };
		331755EF297C2777008BE9B7 /* TimelineTableViewCell.swift */ = {isa = PBXFileReference; lastKnownFileType = sourcecode.swift; path = TimelineTableViewCell.swift; sourceTree = "<group>"; };
		331755F3297C280C008BE9B7 /* AddTimeLineViewController.swift */ = {isa = PBXFileReference; lastKnownFileType = sourcecode.swift; path = AddTimeLineViewController.swift; sourceTree = "<group>"; };
		331755F5297C2866008BE9B7 /* AddTimeLineViewController+DataSource.swift */ = {isa = PBXFileReference; lastKnownFileType = sourcecode.swift; path = "AddTimeLineViewController+DataSource.swift"; sourceTree = "<group>"; };
		333BDFDD297C664B00F70872 /* Validation.swift */ = {isa = PBXFileReference; lastKnownFileType = sourcecode.swift; path = Validation.swift; sourceTree = "<group>"; };
		333BDFDF297C69F000F70872 /* Utils.swift */ = {isa = PBXFileReference; lastKnownFileType = sourcecode.swift; path = Utils.swift; sourceTree = "<group>"; };
		3358E57F297C36E2007ABCA6 /* SignUpRouter.swift */ = {isa = PBXFileReference; lastKnownFileType = sourcecode.swift; path = SignUpRouter.swift; sourceTree = "<group>"; };
		3358E581297C3E64007ABCA6 /* UIString+Extension.swift */ = {isa = PBXFileReference; lastKnownFileType = sourcecode.swift; path = "UIString+Extension.swift"; sourceTree = "<group>"; };
		3358E583297C464D007ABCA6 /* UIImageView+Extension.swift */ = {isa = PBXFileReference; lastKnownFileType = sourcecode.swift; path = "UIImageView+Extension.swift"; sourceTree = "<group>"; };
		3358E585297C4754007ABCA6 /* MyTwiLiteStrings.swift */ = {isa = PBXFileReference; lastKnownFileType = sourcecode.swift; path = MyTwiLiteStrings.swift; sourceTree = "<group>"; };
		3358E587297C484E007ABCA6 /* SignUpViewModel.swift */ = {isa = PBXFileReference; lastKnownFileType = sourcecode.swift; path = SignUpViewModel.swift; sourceTree = "<group>"; };
		3358E589297C498F007ABCA6 /* AppConstant.swift */ = {isa = PBXFileReference; lastKnownFileType = sourcecode.swift; path = AppConstant.swift; sourceTree = "<group>"; };
		3358E58B297C4C6B007ABCA6 /* LogInViewModel.swift */ = {isa = PBXFileReference; lastKnownFileType = sourcecode.swift; path = LogInViewModel.swift; sourceTree = "<group>"; };
		3362520C297DB6780024CE9E /* DashboardRouter.swift */ = {isa = PBXFileReference; lastKnownFileType = sourcecode.swift; path = DashboardRouter.swift; sourceTree = "<group>"; };
		33625212297DC5150024CE9E /* AddTimelineViewModel.swift */ = {isa = PBXFileReference; lastKnownFileType = sourcecode.swift; path = AddTimelineViewModel.swift; sourceTree = "<group>"; };
		33625214297DC5C80024CE9E /* AddTimelineModel.swift */ = {isa = PBXFileReference; lastKnownFileType = sourcecode.swift; path = AddTimelineModel.swift; sourceTree = "<group>"; };
		337F6B9A2979557800E6DBCC /* Router.swift */ = {isa = PBXFileReference; lastKnownFileType = sourcecode.swift; path = Router.swift; sourceTree = "<group>"; };
		337F6BA2297958B200E6DBCC /* UIViewController+Extension.swift */ = {isa = PBXFileReference; lastKnownFileType = sourcecode.swift; path = "UIViewController+Extension.swift"; sourceTree = "<group>"; };
		337F6BA52979592600E6DBCC /* AppStoryboard.swift */ = {isa = PBXFileReference; lastKnownFileType = sourcecode.swift; path = AppStoryboard.swift; sourceTree = "<group>"; };
		337F6BA92979611200E6DBCC /* Launch.storyboard */ = {isa = PBXFileReference; lastKnownFileType = file.storyboard; path = Launch.storyboard; sourceTree = "<group>"; };
		337F6BB0297973AF00E6DBCC /* SignUp.storyboard */ = {isa = PBXFileReference; lastKnownFileType = file.storyboard; path = SignUp.storyboard; sourceTree = "<group>"; };
		337F6BB2297973C400E6DBCC /* SignUpViewController.swift */ = {isa = PBXFileReference; lastKnownFileType = sourcecode.swift; path = SignUpViewController.swift; sourceTree = "<group>"; };
		338B86182977EE84005A9DA0 /* MyTwiLite.app */ = {isa = PBXFileReference; explicitFileType = wrapper.application; includeInIndex = 0; path = MyTwiLite.app; sourceTree = BUILT_PRODUCTS_DIR; };
		338B861B2977EE84005A9DA0 /* AppDelegate.swift */ = {isa = PBXFileReference; lastKnownFileType = sourcecode.swift; path = AppDelegate.swift; sourceTree = "<group>"; };
		338B861D2977EE84005A9DA0 /* SceneDelegate.swift */ = {isa = PBXFileReference; lastKnownFileType = sourcecode.swift; path = SceneDelegate.swift; sourceTree = "<group>"; };
		338B861F2977EE84005A9DA0 /* LaunchViewController.swift */ = {isa = PBXFileReference; lastKnownFileType = sourcecode.swift; path = LaunchViewController.swift; sourceTree = "<group>"; };
		338B86222977EE84005A9DA0 /* Base */ = {isa = PBXFileReference; lastKnownFileType = file.storyboard; name = Base; path = Base.lproj/Main.storyboard; sourceTree = "<group>"; };
		338B86242977EE86005A9DA0 /* Assets.xcassets */ = {isa = PBXFileReference; lastKnownFileType = folder.assetcatalog; path = Assets.xcassets; sourceTree = "<group>"; };
		338B86272977EE86005A9DA0 /* Base */ = {isa = PBXFileReference; lastKnownFileType = file.storyboard; name = Base; path = Base.lproj/LaunchScreen.storyboard; sourceTree = "<group>"; };
		338B86292977EE86005A9DA0 /* Info.plist */ = {isa = PBXFileReference; lastKnownFileType = text.plist.xml; path = Info.plist; sourceTree = "<group>"; };
		39BFAA9E758F44169F608E64 /* Pods-MyTwiLite.release.xcconfig */ = {isa = PBXFileReference; includeInIndex = 1; lastKnownFileType = text.xcconfig; name = "Pods-MyTwiLite.release.xcconfig"; path = "Target Support Files/Pods-MyTwiLite/Pods-MyTwiLite.release.xcconfig"; sourceTree = "<group>"; };
		894400EE329E884A15898FBA /* Pods_MyTwiLite.framework */ = {isa = PBXFileReference; explicitFileType = wrapper.framework; includeInIndex = 0; path = Pods_MyTwiLite.framework; sourceTree = BUILT_PRODUCTS_DIR; };
		E8AB2126C204C7390E3690BD /* Pods-MyTwiLite.debug.xcconfig */ = {isa = PBXFileReference; includeInIndex = 1; lastKnownFileType = text.xcconfig; name = "Pods-MyTwiLite.debug.xcconfig"; path = "Target Support Files/Pods-MyTwiLite/Pods-MyTwiLite.debug.xcconfig"; sourceTree = "<group>"; };
/* End PBXFileReference section */

/* Begin PBXFrameworksBuildPhase section */
		338B86152977EE84005A9DA0 /* Frameworks */ = {
			isa = PBXFrameworksBuildPhase;
			buildActionMask = 2147483647;
			files = (
				278126E36DC8981198B498F4 /* Pods_MyTwiLite.framework in Frameworks */,
			);
			runOnlyForDeploymentPostprocessing = 0;
		};
/* End PBXFrameworksBuildPhase section */

/* Begin PBXGroup section */
		331755C0297C11F8008BE9B7 /* LogIn */ = {
			isa = PBXGroup;
			children = (
				331755ED297C2655008BE9B7 /* View */,
				331755C4297C1214008BE9B7 /* ViewController */,
				331755C3297C120D008BE9B7 /* ViewModel */,
				331755C2297C1209008BE9B7 /* Model */,
				331755C1297C1202008BE9B7 /* Router */,
			);
			path = LogIn;
			sourceTree = "<group>";
		};
		331755C1297C1202008BE9B7 /* Router */ = {
			isa = PBXGroup;
			children = (
				331755C7297C127A008BE9B7 /* LogInRouter.swift */,
			);
			path = Router;
			sourceTree = "<group>";
		};
		331755C2297C1209008BE9B7 /* Model */ = {
			isa = PBXGroup;
			children = (
			);
			path = Model;
			sourceTree = "<group>";
		};
		331755C3297C120D008BE9B7 /* ViewModel */ = {
			isa = PBXGroup;
			children = (
				3358E58B297C4C6B007ABCA6 /* LogInViewModel.swift */,
			);
			path = ViewModel;
			sourceTree = "<group>";
		};
		331755C4297C1214008BE9B7 /* ViewController */ = {
			isa = PBXGroup;
			children = (
				331755C5297C122D008BE9B7 /* LogInViewController.swift */,
			);
			path = ViewController;
			sourceTree = "<group>";
		};
		331755C9297C134C008BE9B7 /* Router */ = {
			isa = PBXGroup;
			children = (
				331755CA297C135A008BE9B7 /* LaunchRouter.swift */,
			);
			path = Router;
			sourceTree = "<group>";
		};
		331755CE297C15BA008BE9B7 /* Common */ = {
			isa = PBXGroup;
			children = (
				331755E1297C22B5008BE9B7 /* Model */,
				331755E0297C2278008BE9B7 /* ViewController */,
				331755DD297C2218008BE9B7 /* Helper */,
				337F6BA42979590C00E6DBCC /* Enum */,
				337F6BA02979586C00E6DBCC /* Extension */,
				3358E589297C498F007ABCA6 /* AppConstant.swift */,
				333BDFDF297C69F000F70872 /* Utils.swift */,
			);
			path = Common;
			sourceTree = "<group>";
		};
		331755DD297C2218008BE9B7 /* Helper */ = {
			isa = PBXGroup;
			children = (
				331755DE297C2229008BE9B7 /* FirebaseHelper.swift */,
			);
			path = Helper;
			sourceTree = "<group>";
		};
		331755E0297C2278008BE9B7 /* ViewController */ = {
			isa = PBXGroup;
			children = (
				331755CF297C15D7008BE9B7 /* MyTwiLiteViewController.swift */,
			);
			path = ViewController;
			sourceTree = "<group>";
		};
		331755E1297C22B5008BE9B7 /* Model */ = {
			isa = PBXGroup;
			children = (
				331755E2297C22C4008BE9B7 /* UserDetail.swift */,
				3358E585297C4754007ABCA6 /* MyTwiLiteStrings.swift */,
			);
			path = Model;
			sourceTree = "<group>";
		};
		331755E4297C24B8008BE9B7 /* Dashboard */ = {
			isa = PBXGroup;
			children = (
				331755EE297C265D008BE9B7 /* View */,
				331755E8297C2509008BE9B7 /* Router */,
				331755E7297C2502008BE9B7 /* Model */,
				331755E6297C24FC008BE9B7 /* ViewModel */,
				331755E5297C24F2008BE9B7 /* ViewController */,
			);
			path = Dashboard;
			sourceTree = "<group>";
		};
		331755E5297C24F2008BE9B7 /* ViewController */ = {
			isa = PBXGroup;
			children = (
				331755E9297C2522008BE9B7 /* DashboardViewController.swift */,
				331755EB297C25A2008BE9B7 /* DashboardViewController+DataSource.swift */,
			);
			path = ViewController;
			sourceTree = "<group>";
		};
		331755E6297C24FC008BE9B7 /* ViewModel */ = {
			isa = PBXGroup;
			children = (
				3306C785297EB2F900F09661 /* DashboardViewModel.swift */,
			);
			path = ViewModel;
			sourceTree = "<group>";
		};
		331755E7297C2502008BE9B7 /* Model */ = {
			isa = PBXGroup;
			children = (
				3306C789297EB7FB00F09661 /* DashboardModel.swift */,
			);
			path = Model;
			sourceTree = "<group>";
		};
		331755E8297C2509008BE9B7 /* Router */ = {
			isa = PBXGroup;
			children = (
				3362520C297DB6780024CE9E /* DashboardRouter.swift */,
			);
			path = Router;
			sourceTree = "<group>";
		};
		331755ED297C2655008BE9B7 /* View */ = {
			isa = PBXGroup;
			children = (
			);
			path = View;
			sourceTree = "<group>";
		};
		331755EE297C265D008BE9B7 /* View */ = {
			isa = PBXGroup;
			children = (
				331755EF297C2777008BE9B7 /* TimelineTableViewCell.swift */,
			);
			path = View;
			sourceTree = "<group>";
		};
		331755F1297C27E7008BE9B7 /* AddTimeline */ = {
			isa = PBXGroup;
			children = (
				33625211297DB8C20024CE9E /* Router */,
				33625210297DB8B80024CE9E /* ViewModel */,
				3362520F297DB8B00024CE9E /* View */,
				3362520E297DB8A90024CE9E /* Model */,
				331755F2297C27F0008BE9B7 /* ViewController */,
			);
			path = AddTimeline;
			sourceTree = "<group>";
		};
		331755F2297C27F0008BE9B7 /* ViewController */ = {
			isa = PBXGroup;
			children = (
				331755F3297C280C008BE9B7 /* AddTimeLineViewController.swift */,
				331755F5297C2866008BE9B7 /* AddTimeLineViewController+DataSource.swift */,
			);
			path = ViewController;
			sourceTree = "<group>";
		};
		3358E57E297C36CB007ABCA6 /* Router */ = {
			isa = PBXGroup;
			children = (
				3358E57F297C36E2007ABCA6 /* SignUpRouter.swift */,
			);
			path = Router;
			sourceTree = "<group>";
		};
		3362520E297DB8A90024CE9E /* Model */ = {
			isa = PBXGroup;
			children = (
				33625214297DC5C80024CE9E /* AddTimelineModel.swift */,
			);
			path = Model;
			sourceTree = "<group>";
		};
		3362520F297DB8B00024CE9E /* View */ = {
			isa = PBXGroup;
			children = (
			);
			path = View;
			sourceTree = "<group>";
		};
		33625210297DB8B80024CE9E /* ViewModel */ = {
			isa = PBXGroup;
			children = (
				33625212297DC5150024CE9E /* AddTimelineViewModel.swift */,
			);
			path = ViewModel;
			sourceTree = "<group>";
		};
		33625211297DB8C20024CE9E /* Router */ = {
			isa = PBXGroup;
			children = (
			);
			path = Router;
			sourceTree = "<group>";
		};
		337F6B8F2979512700E6DBCC /* Modules */ = {
			isa = PBXGroup;
			children = (
				331755F1297C27E7008BE9B7 /* AddTimeline */,
				331755E4297C24B8008BE9B7 /* Dashboard */,
				331755C0297C11F8008BE9B7 /* LogIn */,
				337F6BAD2979719900E6DBCC /* Launch */,
				337F6B922979517D00E6DBCC /* SignUp */,
			);
			path = Modules;
			sourceTree = "<group>";
		};
		337F6B912979515B00E6DBCC /* AppDelegates */ = {
			isa = PBXGroup;
			children = (
				338B861B2977EE84005A9DA0 /* AppDelegate.swift */,
				338B861D2977EE84005A9DA0 /* SceneDelegate.swift */,
			);
			path = AppDelegates;
			sourceTree = "<group>";
		};
		337F6B922979517D00E6DBCC /* SignUp */ = {
			isa = PBXGroup;
			children = (
				3358E57E297C36CB007ABCA6 /* Router */,
				337F6B96297951BD00E6DBCC /* Model */,
				337F6B95297951A900E6DBCC /* ViewController */,
				337F6B942979519E00E6DBCC /* ViewModel */,
				337F6B932979519900E6DBCC /* View */,
			);
			path = SignUp;
			sourceTree = "<group>";
		};
		337F6B932979519900E6DBCC /* View */ = {
			isa = PBXGroup;
			children = (
			);
			path = View;
			sourceTree = "<group>";
		};
		337F6B942979519E00E6DBCC /* ViewModel */ = {
			isa = PBXGroup;
			children = (
				3358E587297C484E007ABCA6 /* SignUpViewModel.swift */,
			);
			path = ViewModel;
			sourceTree = "<group>";
		};
		337F6B95297951A900E6DBCC /* ViewController */ = {
			isa = PBXGroup;
			children = (
				337F6BB2297973C400E6DBCC /* SignUpViewController.swift */,
			);
			path = ViewController;
			sourceTree = "<group>";
		};
		337F6B96297951BD00E6DBCC /* Model */ = {
			isa = PBXGroup;
			children = (
			);
			path = Model;
			sourceTree = "<group>";
		};
		337F6B982979529B00E6DBCC /* Router */ = {
			isa = PBXGroup;
			children = (
				337F6B9A2979557800E6DBCC /* Router.swift */,
			);
			path = Router;
			sourceTree = "<group>";
		};
		337F6B9E297957C000E6DBCC /* Storyboard */ = {
			isa = PBXGroup;
			children = (
				338B86212977EE84005A9DA0 /* Main.storyboard */,
				337F6BB0297973AF00E6DBCC /* SignUp.storyboard */,
				331755CC297C1405008BE9B7 /* LogIn.storyboard */,
				337F6BA92979611200E6DBCC /* Launch.storyboard */,
				338B86262977EE86005A9DA0 /* LaunchScreen.storyboard */,
				331755D7297C1D7E008BE9B7 /* Dashboard.storyboard */,
				331755D9297C1DC8008BE9B7 /* AddTimeline.storyboard */,
			);
			path = Storyboard;
			sourceTree = "<group>";
		};
		337F6BA02979586C00E6DBCC /* Extension */ = {
			isa = PBXGroup;
			children = (
				337F6BA2297958B200E6DBCC /* UIViewController+Extension.swift */,
				3358E581297C3E64007ABCA6 /* UIString+Extension.swift */,
				3358E583297C464D007ABCA6 /* UIImageView+Extension.swift */,
			);
			path = Extension;
			sourceTree = "<group>";
		};
		337F6BA42979590C00E6DBCC /* Enum */ = {
			isa = PBXGroup;
			children = (
				337F6BA52979592600E6DBCC /* AppStoryboard.swift */,
				333BDFDD297C664B00F70872 /* Validation.swift */,
			);
			path = Enum;
			sourceTree = "<group>";
		};
		337F6BAD2979719900E6DBCC /* Launch */ = {
			isa = PBXGroup;
			children = (
				331755C9297C134C008BE9B7 /* Router */,
				337F6BAE297971C200E6DBCC /* ViewController */,
			);
			path = Launch;
			sourceTree = "<group>";
		};
		337F6BAE297971C200E6DBCC /* ViewController */ = {
			isa = PBXGroup;
			children = (
				338B861F2977EE84005A9DA0 /* LaunchViewController.swift */,
			);
			path = ViewController;
			sourceTree = "<group>";
		};
		338B860F2977EE84005A9DA0 = {
			isa = PBXGroup;
			children = (
				338B861A2977EE84005A9DA0 /* MyTwiLite */,
				338B86192977EE84005A9DA0 /* Products */,
				6ACC4360C32C51A922658520 /* Pods */,
				6E2DCB89DDC0E4E2DF428FD6 /* Frameworks */,
			);
			sourceTree = "<group>";
		};
		338B86192977EE84005A9DA0 /* Products */ = {
			isa = PBXGroup;
			children = (
				338B86182977EE84005A9DA0 /* MyTwiLite.app */,
			);
			name = Products;
			sourceTree = "<group>";
		};
		338B861A2977EE84005A9DA0 /* MyTwiLite */ = {
			isa = PBXGroup;
			children = (
				331755CE297C15BA008BE9B7 /* Common */,
				337F6B9E297957C000E6DBCC /* Storyboard */,
				337F6B982979529B00E6DBCC /* Router */,
				337F6B8F2979512700E6DBCC /* Modules */,
				337F6B912979515B00E6DBCC /* AppDelegates */,
				338B86242977EE86005A9DA0 /* Assets.xcassets */,
				331755DB297C21CC008BE9B7 /* GoogleService-Info.plist */,
				338B86292977EE86005A9DA0 /* Info.plist */,
			);
			path = MyTwiLite;
			sourceTree = "<group>";
		};
		6ACC4360C32C51A922658520 /* Pods */ = {
			isa = PBXGroup;
			children = (
				E8AB2126C204C7390E3690BD /* Pods-MyTwiLite.debug.xcconfig */,
				39BFAA9E758F44169F608E64 /* Pods-MyTwiLite.release.xcconfig */,
			);
			path = Pods;
			sourceTree = "<group>";
		};
		6E2DCB89DDC0E4E2DF428FD6 /* Frameworks */ = {
			isa = PBXGroup;
			children = (
				894400EE329E884A15898FBA /* Pods_MyTwiLite.framework */,
			);
			name = Frameworks;
			sourceTree = "<group>";
		};
/* End PBXGroup section */

/* Begin PBXNativeTarget section */
		338B86172977EE84005A9DA0 /* MyTwiLite */ = {
			isa = PBXNativeTarget;
			buildConfigurationList = 338B862C2977EE86005A9DA0 /* Build configuration list for PBXNativeTarget "MyTwiLite" */;
			buildPhases = (
				FF67FC3D93D790D0663FAA66 /* [CP] Check Pods Manifest.lock */,
				338B86142977EE84005A9DA0 /* Sources */,
				338B86152977EE84005A9DA0 /* Frameworks */,
				338B86162977EE84005A9DA0 /* Resources */,
				A2A7F0F4E44C5895B60D501C /* [CP] Embed Pods Frameworks */,
				333BDFE1297C838900F70872 /* ShellScript */,
			);
			buildRules = (
			);
			dependencies = (
			);
			name = MyTwiLite;
			productName = MyTwiLite;
			productReference = 338B86182977EE84005A9DA0 /* MyTwiLite.app */;
			productType = "com.apple.product-type.application";
		};
/* End PBXNativeTarget section */

/* Begin PBXProject section */
		338B86102977EE84005A9DA0 /* Project object */ = {
			isa = PBXProject;
			attributes = {
				BuildIndependentTargetsInParallel = 1;
				LastSwiftUpdateCheck = 1410;
				LastUpgradeCheck = 1410;
				TargetAttributes = {
					338B86172977EE84005A9DA0 = {
						CreatedOnToolsVersion = 14.1;
					};
				};
			};
			buildConfigurationList = 338B86132977EE84005A9DA0 /* Build configuration list for PBXProject "MyTwiLite" */;
			compatibilityVersion = "Xcode 14.0";
			developmentRegion = en;
			hasScannedForEncodings = 0;
			knownRegions = (
				en,
				Base,
			);
			mainGroup = 338B860F2977EE84005A9DA0;
			productRefGroup = 338B86192977EE84005A9DA0 /* Products */;
			projectDirPath = "";
			projectRoot = "";
			targets = (
				338B86172977EE84005A9DA0 /* MyTwiLite */,
			);
		};
/* End PBXProject section */

/* Begin PBXResourcesBuildPhase section */
		338B86162977EE84005A9DA0 /* Resources */ = {
			isa = PBXResourcesBuildPhase;
			buildActionMask = 2147483647;
			files = (
				338B86282977EE86005A9DA0 /* LaunchScreen.storyboard in Resources */,
				331755DC297C21CD008BE9B7 /* GoogleService-Info.plist in Resources */,
				331755DA297C1DC8008BE9B7 /* AddTimeline.storyboard in Resources */,
				338B86252977EE86005A9DA0 /* Assets.xcassets in Resources */,
				331755D8297C1D7E008BE9B7 /* Dashboard.storyboard in Resources */,
				331755CD297C1405008BE9B7 /* LogIn.storyboard in Resources */,
				338B86232977EE84005A9DA0 /* Main.storyboard in Resources */,
				337F6BAA2979611200E6DBCC /* Launch.storyboard in Resources */,
				337F6BB1297973AF00E6DBCC /* SignUp.storyboard in Resources */,
			);
			runOnlyForDeploymentPostprocessing = 0;
		};
/* End PBXResourcesBuildPhase section */

/* Begin PBXShellScriptBuildPhase section */
		333BDFE1297C838900F70872 /* ShellScript */ = {
			isa = PBXShellScriptBuildPhase;
			buildActionMask = 2147483647;
			files = (
			);
			inputFileListPaths = (
			);
			inputPaths = (
			);
			outputFileListPaths = (
			);
			outputPaths = (
			);
			runOnlyForDeploymentPostprocessing = 0;
			shellPath = /bin/sh;
			shellScript = "# Type a script or drag a script file from your workspace to insert its path.\nif which swiftlint >/dev/null; then\n  swiftlint\nelse\n  echo \"warning: SwiftLint not installed, download from https://github.com/realm/SwiftLint\"\nfi\n";
		};
		A2A7F0F4E44C5895B60D501C /* [CP] Embed Pods Frameworks */ = {
			isa = PBXShellScriptBuildPhase;
			buildActionMask = 2147483647;
			files = (
			);
			inputFileListPaths = (
				"${PODS_ROOT}/Target Support Files/Pods-MyTwiLite/Pods-MyTwiLite-frameworks-${CONFIGURATION}-input-files.xcfilelist",
			);
			name = "[CP] Embed Pods Frameworks";
			outputFileListPaths = (
				"${PODS_ROOT}/Target Support Files/Pods-MyTwiLite/Pods-MyTwiLite-frameworks-${CONFIGURATION}-output-files.xcfilelist",
			);
			runOnlyForDeploymentPostprocessing = 0;
			shellPath = /bin/sh;
			shellScript = "\"${PODS_ROOT}/Target Support Files/Pods-MyTwiLite/Pods-MyTwiLite-frameworks.sh\"\n";
			showEnvVarsInLog = 0;
		};
		FF67FC3D93D790D0663FAA66 /* [CP] Check Pods Manifest.lock */ = {
			isa = PBXShellScriptBuildPhase;
			buildActionMask = 2147483647;
			files = (
			);
			inputFileListPaths = (
			);
			inputPaths = (
				"${PODS_PODFILE_DIR_PATH}/Podfile.lock",
				"${PODS_ROOT}/Manifest.lock",
			);
			name = "[CP] Check Pods Manifest.lock";
			outputFileListPaths = (
			);
			outputPaths = (
				"$(DERIVED_FILE_DIR)/Pods-MyTwiLite-checkManifestLockResult.txt",
			);
			runOnlyForDeploymentPostprocessing = 0;
			shellPath = /bin/sh;
			shellScript = "diff \"${PODS_PODFILE_DIR_PATH}/Podfile.lock\" \"${PODS_ROOT}/Manifest.lock\" > /dev/null\nif [ $? != 0 ] ; then\n    # print error to STDERR\n    echo \"error: The sandbox is not in sync with the Podfile.lock. Run 'pod install' or update your CocoaPods installation.\" >&2\n    exit 1\nfi\n# This output is used by Xcode 'outputs' to avoid re-running this script phase.\necho \"SUCCESS\" > \"${SCRIPT_OUTPUT_FILE_0}\"\n";
			showEnvVarsInLog = 0;
		};
/* End PBXShellScriptBuildPhase section */

/* Begin PBXSourcesBuildPhase section */
		338B86142977EE84005A9DA0 /* Sources */ = {
			isa = PBXSourcesBuildPhase;
			buildActionMask = 2147483647;
			files = (
				33625215297DC5C80024CE9E /* AddTimelineModel.swift in Sources */,
				331755F0297C2777008BE9B7 /* TimelineTableViewCell.swift in Sources */,
				331755E3297C22C4008BE9B7 /* UserDetail.swift in Sources */,
				333BDFE0297C69F000F70872 /* Utils.swift in Sources */,
				331755EA297C2522008BE9B7 /* DashboardViewController.swift in Sources */,
				337F6B9B2979557800E6DBCC /* Router.swift in Sources */,
				337F6BA62979592600E6DBCC /* AppStoryboard.swift in Sources */,
				331755F4297C280C008BE9B7 /* AddTimeLineViewController.swift in Sources */,
				3306C78A297EB7FB00F09661 /* DashboardModel.swift in Sources */,
				3358E58C297C4C6B007ABCA6 /* LogInViewModel.swift in Sources */,
				3358E582297C3E64007ABCA6 /* UIString+Extension.swift in Sources */,
				338B86202977EE84005A9DA0 /* LaunchViewController.swift in Sources */,
				33625213297DC5150024CE9E /* AddTimelineViewModel.swift in Sources */,
				338B861C2977EE84005A9DA0 /* AppDelegate.swift in Sources */,
				3306C786297EB2F900F09661 /* DashboardViewModel.swift in Sources */,
				3358E584297C464E007ABCA6 /* UIImageView+Extension.swift in Sources */,
				331755DF297C2229008BE9B7 /* FirebaseHelper.swift in Sources */,
				3358E586297C4754007ABCA6 /* MyTwiLiteStrings.swift in Sources */,
				331755C6297C122D008BE9B7 /* LogInViewController.swift in Sources */,
				3358E588297C484E007ABCA6 /* SignUpViewModel.swift in Sources */,
				331755F6297C2866008BE9B7 /* AddTimeLineViewController+DataSource.swift in Sources */,
				3362520D297DB6780024CE9E /* DashboardRouter.swift in Sources */,
				3358E58A297C498F007ABCA6 /* AppConstant.swift in Sources */,
				337F6BB3297973C400E6DBCC /* SignUpViewController.swift in Sources */,
				331755C8297C127A008BE9B7 /* LogInRouter.swift in Sources */,
				331755EC297C25A2008BE9B7 /* DashboardViewController+DataSource.swift in Sources */,
				331755CB297C135A008BE9B7 /* LaunchRouter.swift in Sources */,
				337F6BA3297958B200E6DBCC /* UIViewController+Extension.swift in Sources */,
				331755D0297C15D7008BE9B7 /* MyTwiLiteViewController.swift in Sources */,
				333BDFDE297C664B00F70872 /* Validation.swift in Sources */,
				338B861E2977EE84005A9DA0 /* SceneDelegate.swift in Sources */,
				3358E580297C36E2007ABCA6 /* SignUpRouter.swift in Sources */,
			);
			runOnlyForDeploymentPostprocessing = 0;
		};
/* End PBXSourcesBuildPhase section */

/* Begin PBXVariantGroup section */
		338B86212977EE84005A9DA0 /* Main.storyboard */ = {
			isa = PBXVariantGroup;
			children = (
				338B86222977EE84005A9DA0 /* Base */,
			);
			name = Main.storyboard;
			sourceTree = "<group>";
		};
		338B86262977EE86005A9DA0 /* LaunchScreen.storyboard */ = {
			isa = PBXVariantGroup;
			children = (
				338B86272977EE86005A9DA0 /* Base */,
			);
			name = LaunchScreen.storyboard;
			sourceTree = "<group>";
		};
/* End PBXVariantGroup section */

/* Begin XCBuildConfiguration section */
		338B862A2977EE86005A9DA0 /* Debug */ = {
			isa = XCBuildConfiguration;
			buildSettings = {
				ALWAYS_SEARCH_USER_PATHS = NO;
				CLANG_ANALYZER_NONNULL = YES;
				CLANG_ANALYZER_NUMBER_OBJECT_CONVERSION = YES_AGGRESSIVE;
				CLANG_CXX_LANGUAGE_STANDARD = "gnu++20";
				CLANG_ENABLE_MODULES = YES;
				CLANG_ENABLE_OBJC_ARC = YES;
				CLANG_ENABLE_OBJC_WEAK = YES;
				CLANG_WARN_BLOCK_CAPTURE_AUTORELEASING = YES;
				CLANG_WARN_BOOL_CONVERSION = YES;
				CLANG_WARN_COMMA = YES;
				CLANG_WARN_CONSTANT_CONVERSION = YES;
				CLANG_WARN_DEPRECATED_OBJC_IMPLEMENTATIONS = YES;
				CLANG_WARN_DIRECT_OBJC_ISA_USAGE = YES_ERROR;
				CLANG_WARN_DOCUMENTATION_COMMENTS = YES;
				CLANG_WARN_EMPTY_BODY = YES;
				CLANG_WARN_ENUM_CONVERSION = YES;
				CLANG_WARN_INFINITE_RECURSION = YES;
				CLANG_WARN_INT_CONVERSION = YES;
				CLANG_WARN_NON_LITERAL_NULL_CONVERSION = YES;
				CLANG_WARN_OBJC_IMPLICIT_RETAIN_SELF = YES;
				CLANG_WARN_OBJC_LITERAL_CONVERSION = YES;
				CLANG_WARN_OBJC_ROOT_CLASS = YES_ERROR;
				CLANG_WARN_QUOTED_INCLUDE_IN_FRAMEWORK_HEADER = YES;
				CLANG_WARN_RANGE_LOOP_ANALYSIS = YES;
				CLANG_WARN_STRICT_PROTOTYPES = YES;
				CLANG_WARN_SUSPICIOUS_MOVE = YES;
				CLANG_WARN_UNGUARDED_AVAILABILITY = YES_AGGRESSIVE;
				CLANG_WARN_UNREACHABLE_CODE = YES;
				CLANG_WARN__DUPLICATE_METHOD_MATCH = YES;
				COPY_PHASE_STRIP = NO;
				DEBUG_INFORMATION_FORMAT = dwarf;
				ENABLE_STRICT_OBJC_MSGSEND = YES;
				ENABLE_TESTABILITY = YES;
				GCC_C_LANGUAGE_STANDARD = gnu11;
				GCC_DYNAMIC_NO_PIC = NO;
				GCC_NO_COMMON_BLOCKS = YES;
				GCC_OPTIMIZATION_LEVEL = 0;
				GCC_PREPROCESSOR_DEFINITIONS = (
					"DEBUG=1",
					"$(inherited)",
				);
				GCC_WARN_64_TO_32_BIT_CONVERSION = YES;
				GCC_WARN_ABOUT_RETURN_TYPE = YES_ERROR;
				GCC_WARN_UNDECLARED_SELECTOR = YES;
				GCC_WARN_UNINITIALIZED_AUTOS = YES_AGGRESSIVE;
				GCC_WARN_UNUSED_FUNCTION = YES;
				GCC_WARN_UNUSED_VARIABLE = YES;
				IPHONEOS_DEPLOYMENT_TARGET = 16.1;
				MTL_ENABLE_DEBUG_INFO = INCLUDE_SOURCE;
				MTL_FAST_MATH = YES;
				ONLY_ACTIVE_ARCH = YES;
				SDKROOT = iphoneos;
				SWIFT_ACTIVE_COMPILATION_CONDITIONS = DEBUG;
				SWIFT_OPTIMIZATION_LEVEL = "-Onone";
			};
			name = Debug;
		};
		338B862B2977EE86005A9DA0 /* Release */ = {
			isa = XCBuildConfiguration;
			buildSettings = {
				ALWAYS_SEARCH_USER_PATHS = NO;
				CLANG_ANALYZER_NONNULL = YES;
				CLANG_ANALYZER_NUMBER_OBJECT_CONVERSION = YES_AGGRESSIVE;
				CLANG_CXX_LANGUAGE_STANDARD = "gnu++20";
				CLANG_ENABLE_MODULES = YES;
				CLANG_ENABLE_OBJC_ARC = YES;
				CLANG_ENABLE_OBJC_WEAK = YES;
				CLANG_WARN_BLOCK_CAPTURE_AUTORELEASING = YES;
				CLANG_WARN_BOOL_CONVERSION = YES;
				CLANG_WARN_COMMA = YES;
				CLANG_WARN_CONSTANT_CONVERSION = YES;
				CLANG_WARN_DEPRECATED_OBJC_IMPLEMENTATIONS = YES;
				CLANG_WARN_DIRECT_OBJC_ISA_USAGE = YES_ERROR;
				CLANG_WARN_DOCUMENTATION_COMMENTS = YES;
				CLANG_WARN_EMPTY_BODY = YES;
				CLANG_WARN_ENUM_CONVERSION = YES;
				CLANG_WARN_INFINITE_RECURSION = YES;
				CLANG_WARN_INT_CONVERSION = YES;
				CLANG_WARN_NON_LITERAL_NULL_CONVERSION = YES;
				CLANG_WARN_OBJC_IMPLICIT_RETAIN_SELF = YES;
				CLANG_WARN_OBJC_LITERAL_CONVERSION = YES;
				CLANG_WARN_OBJC_ROOT_CLASS = YES_ERROR;
				CLANG_WARN_QUOTED_INCLUDE_IN_FRAMEWORK_HEADER = YES;
				CLANG_WARN_RANGE_LOOP_ANALYSIS = YES;
				CLANG_WARN_STRICT_PROTOTYPES = YES;
				CLANG_WARN_SUSPICIOUS_MOVE = YES;
				CLANG_WARN_UNGUARDED_AVAILABILITY = YES_AGGRESSIVE;
				CLANG_WARN_UNREACHABLE_CODE = YES;
				CLANG_WARN__DUPLICATE_METHOD_MATCH = YES;
				COPY_PHASE_STRIP = NO;
				DEBUG_INFORMATION_FORMAT = "dwarf-with-dsym";
				ENABLE_NS_ASSERTIONS = NO;
				ENABLE_STRICT_OBJC_MSGSEND = YES;
				GCC_C_LANGUAGE_STANDARD = gnu11;
				GCC_NO_COMMON_BLOCKS = YES;
				GCC_WARN_64_TO_32_BIT_CONVERSION = YES;
				GCC_WARN_ABOUT_RETURN_TYPE = YES_ERROR;
				GCC_WARN_UNDECLARED_SELECTOR = YES;
				GCC_WARN_UNINITIALIZED_AUTOS = YES_AGGRESSIVE;
				GCC_WARN_UNUSED_FUNCTION = YES;
				GCC_WARN_UNUSED_VARIABLE = YES;
				IPHONEOS_DEPLOYMENT_TARGET = 16.1;
				MTL_ENABLE_DEBUG_INFO = NO;
				MTL_FAST_MATH = YES;
				SDKROOT = iphoneos;
				SWIFT_COMPILATION_MODE = wholemodule;
				SWIFT_OPTIMIZATION_LEVEL = "-O";
				VALIDATE_PRODUCT = YES;
			};
			name = Release;
		};
		338B862D2977EE86005A9DA0 /* Debug */ = {
			isa = XCBuildConfiguration;
			baseConfigurationReference = E8AB2126C204C7390E3690BD /* Pods-MyTwiLite.debug.xcconfig */;
			buildSettings = {
				ASSETCATALOG_COMPILER_APPICON_NAME = AppIcon;
				ASSETCATALOG_COMPILER_GLOBAL_ACCENT_COLOR_NAME = AccentColor;
				CODE_SIGN_STYLE = Automatic;
				CURRENT_PROJECT_VERSION = 1;
				DEVELOPMENT_TEAM = Y96TU2543F;
				GENERATE_INFOPLIST_FILE = YES;
				INFOPLIST_FILE = MyTwiLite/Info.plist;
				INFOPLIST_KEY_UIApplicationSupportsIndirectInputEvents = YES;
				INFOPLIST_KEY_UILaunchStoryboardName = LaunchScreen;
				INFOPLIST_KEY_UIMainStoryboardFile = Main;
				INFOPLIST_KEY_UISupportedInterfaceOrientations = UIInterfaceOrientationPortrait;
				INFOPLIST_KEY_UISupportedInterfaceOrientations_iPad = "UIInterfaceOrientationLandscapeLeft UIInterfaceOrientationLandscapeRight UIInterfaceOrientationPortrait UIInterfaceOrientationPortraitUpsideDown";
				LD_RUNPATH_SEARCH_PATHS = (
					"$(inherited)",
					"@executable_path/Frameworks",
				);
				MARKETING_VERSION = 1.0;
				PRODUCT_BUNDLE_IDENTIFIER = chirag.MyTwiLite;
				PRODUCT_NAME = "$(TARGET_NAME)";
				SUPPORTED_PLATFORMS = "iphoneos iphonesimulator";
				SUPPORTS_MACCATALYST = NO;
				SUPPORTS_MAC_DESIGNED_FOR_IPHONE_IPAD = NO;
				SWIFT_EMIT_LOC_STRINGS = YES;
				SWIFT_VERSION = 5.0;
				TARGETED_DEVICE_FAMILY = 1;
			};
			name = Debug;
		};
		338B862E2977EE86005A9DA0 /* Release */ = {
			isa = XCBuildConfiguration;
			baseConfigurationReference = 39BFAA9E758F44169F608E64 /* Pods-MyTwiLite.release.xcconfig */;
			buildSettings = {
				ASSETCATALOG_COMPILER_APPICON_NAME = AppIcon;
				ASSETCATALOG_COMPILER_GLOBAL_ACCENT_COLOR_NAME = AccentColor;
				CODE_SIGN_STYLE = Automatic;
				CURRENT_PROJECT_VERSION = 1;
				DEVELOPMENT_TEAM = Y96TU2543F;
				GENERATE_INFOPLIST_FILE = YES;
				INFOPLIST_FILE = MyTwiLite/Info.plist;
				INFOPLIST_KEY_UIApplicationSupportsIndirectInputEvents = YES;
				INFOPLIST_KEY_UILaunchStoryboardName = LaunchScreen;
				INFOPLIST_KEY_UIMainStoryboardFile = Main;
				INFOPLIST_KEY_UISupportedInterfaceOrientations = UIInterfaceOrientationPortrait;
				INFOPLIST_KEY_UISupportedInterfaceOrientations_iPad = "UIInterfaceOrientationLandscapeLeft UIInterfaceOrientationLandscapeRight UIInterfaceOrientationPortrait UIInterfaceOrientationPortraitUpsideDown";
				LD_RUNPATH_SEARCH_PATHS = (
					"$(inherited)",
					"@executable_path/Frameworks",
				);
				MARKETING_VERSION = 1.0;
				PRODUCT_BUNDLE_IDENTIFIER = chirag.MyTwiLite;
				PRODUCT_NAME = "$(TARGET_NAME)";
				SUPPORTED_PLATFORMS = "iphoneos iphonesimulator";
				SUPPORTS_MACCATALYST = NO;
				SUPPORTS_MAC_DESIGNED_FOR_IPHONE_IPAD = NO;
				SWIFT_EMIT_LOC_STRINGS = YES;
				SWIFT_VERSION = 5.0;
				TARGETED_DEVICE_FAMILY = 1;
			};
			name = Release;
		};
/* End XCBuildConfiguration section */

/* Begin XCConfigurationList section */
		338B86132977EE84005A9DA0 /* Build configuration list for PBXProject "MyTwiLite" */ = {
			isa = XCConfigurationList;
			buildConfigurations = (
				338B862A2977EE86005A9DA0 /* Debug */,
				338B862B2977EE86005A9DA0 /* Release */,
			);
			defaultConfigurationIsVisible = 0;
			defaultConfigurationName = Release;
		};
		338B862C2977EE86005A9DA0 /* Build configuration list for PBXNativeTarget "MyTwiLite" */ = {
			isa = XCConfigurationList;
			buildConfigurations = (
				338B862D2977EE86005A9DA0 /* Debug */,
				338B862E2977EE86005A9DA0 /* Release */,
			);
			defaultConfigurationIsVisible = 0;
			defaultConfigurationName = Release;
		};
/* End XCConfigurationList section */
	};
	rootObject = 338B86102977EE84005A9DA0 /* Project object */;
}
